
Microsoft Visual Studio Solution File, Format Version 12.00
# Visual Studio 2012
Project("{FAE04EC0-301F-11D3-BF4B-00C04F79EFBC}") = "DeviceType", "DeviceType\DeviceType.csproj", "{88E68A34-6567-49A2-BCD3-5C82657441B9}"
EndProject
Project("{FAE04EC0-301F-11D3-BF4B-00C04F79EFBC}") = "Pointer", "Pointer\Pointer.csproj", "{0A13CAA7-DEEA-4664-BF84-4B1FF26C127C}"
EndProject
Project("{FAE04EC0-301F-11D3-BF4B-00C04F79EFBC}") = "Manipulation", "Manipulation\Manipulation.csproj", "{C37FBEEF-95DD-4500-B0A5-C049BC5D8060}"
EndProject
Project("{FAE04EC0-301F-11D3-BF4B-00C04F79EFBC}") = "InkSample", "InkSample\InkSample.csproj", "{B377B7DD-1F14-4480-8BEE-CAA40D46B9D0}"
EndProject
Global
	GlobalSection(SolutionConfigurationPlatforms) = preSolution
		Debug|Any CPU = Debug|Any CPU
		Debug|ARM = Debug|ARM
		Debug|x64 = Debug|x64
		Debug|x86 = Debug|x86
		Release|Any CPU = Release|Any CPU
		Release|ARM = Release|ARM
		Release|x64 = Release|x64
		Release|x86 = Release|x86
	EndGlobalSection
	GlobalSection(ProjectConfigurationPlatforms) = postSolution
		{88E68A34-6567-49A2-BCD3-5C82657441B9}.Debug|Any CPU.ActiveCfg = Debug|Any CPU
		{88E68A34-6567-49A2-BCD3-5C82657441B9}.Debug|Any CPU.Build.0 = Debug|Any CPU
		{88E68A34-6567-49A2-BCD3-5C82657441B9}.Debug|Any CPU.Deploy.0 = Debug|Any CPU
		{88E68A34-6567-49A2-BCD3-5C82657441B9}.Debug|ARM.ActiveCfg = Debug|ARM
		{88E68A34-6567-49A2-BCD3-5C82657441B9}.Debug|ARM.Build.0 = Debug|ARM
		{88E68A34-6567-49A2-BCD3-5C82657441B9}.Debug|ARM.Deploy.0 = Debug|ARM
		{88E68A34-6567-49A2-BCD3-5C82657441B9}.Debug|x64.ActiveCfg = Debug|x64
		{88E68A34-6567-49A2-BCD3-5C82657441B9}.Debug|x64.Build.0 = Debug|x64
		{88E68A34-6567-49A2-BCD3-5C82657441B9}.Debug|x64.Deploy.0 = Debug|x64
		{88E68A34-6567-49A2-BCD3-5C82657441B9}.Debug|x86.ActiveCfg = Debug|x86
		{88E68A34-6567-49A2-BCD3-5C82657441B9}.Debug|x86.Build.0 = Debug|x86
		{88E68A34-6567-49A2-BCD3-5C82657441B9}.Debug|x86.Deploy.0 = Debug|x86
		{88E68A34-6567-49A2-BCD3-5C82657441B9}.Release|Any CPU.ActiveCfg = Release|Any CPU
		{88E68A34-6567-49A2-BCD3-5C82657441B9}.Release|Any CPU.Build.0 = Release|Any CPU
		{88E68A34-6567-49A2-BCD3-5C82657441B9}.Release|Any CPU.Deploy.0 = Release|Any CPU
		{88E68A34-6567-49A2-BCD3-5C82657441B9}.Release|ARM.ActiveCfg = Release|ARM
		{88E68A34-6567-49A2-BCD3-5C82657441B9}.Release|ARM.Build.0 = Release|ARM
		{88E68A34-6567-49A2-BCD3-5C82657441B9}.Release|ARM.Deploy.0 = Release|ARM
		{88E68A34-6567-49A2-BCD3-5C82657441B9}.Release|x64.ActiveCfg = Release|x64
		{88E68A34-6567-49A2-BCD3-5C82657441B9}.Release|x64.Build.0 = Release|x64
		{88E68A34-6567-49A2-BCD3-5C82657441B9}.Release|x64.Deploy.0 = Release|x64
		{88E68A34-6567-49A2-BCD3-5C82657441B9}.Release|x86.ActiveCfg = Release|x86
		{88E68A34-6567-49A2-BCD3-5C82657441B9}.Release|x86.Build.0 = Release|x86
		{88E68A34-6567-49A2-BCD3-5C82657441B9}.Release|x86.Deploy.0 = Release|x86
		{0A13CAA7-DEEA-4664-BF84-4B1FF26C127C}.Debug|Any CPU.ActiveCfg = Debug|Any CPU
		{0A13CAA7-DEEA-4664-BF84-4B1FF26C127C}.Debug|Any CPU.Build.0 = Debug|Any CPU
		{0A13CAA7-DEEA-4664-BF84-4B1FF26C127C}.Debug|Any CPU.Deploy.0 = Debug|Any CPU
		{0A13CAA7-DEEA-4664-BF84-4B1FF26C127C}.Debug|ARM.ActiveCfg = Debug|ARM
		{0A13CAA7-DEEA-4664-BF84-4B1FF26C127C}.Debug|ARM.Build.0 = Debug|ARM
		{0A13CAA7-DEEA-4664-BF84-4B1FF26C127C}.Debug|ARM.Deploy.0 = Debug|ARM
		{0A13CAA7-DEEA-4664-BF84-4B1FF26C127C}.Debug|x64.ActiveCfg = Debug|x64
		{0A13CAA7-DEEA-4664-BF84-4B1FF26C127C}.Debug|x64.Build.0 = Debug|x64
		{0A13CAA7-DEEA-4664-BF84-4B1FF26C127C}.Debug|x64.Deploy.0 = Debug|x64
		{0A13CAA7-DEEA-4664-BF84-4B1FF26C127C}.Debug|x86.ActiveCfg = Debug|x86
		{0A13CAA7-DEEA-4664-BF84-4B1FF26C127C}.Debug|x86.Build.0 = Debug|x86
		{0A13CAA7-DEEA-4664-BF84-4B1FF26C127C}.Debug|x86.Deploy.0 = Debug|x86
		{0A13CAA7-DEEA-4664-BF84-4B1FF26C127C}.Release|Any CPU.ActiveCfg = Release|Any CPU
		{0A13CAA7-DEEA-4664-BF84-4B1FF26C127C}.Release|Any CPU.Build.0 = Release|Any CPU
		{0A13CAA7-DEEA-4664-BF84-4B1FF26C127C}.Release|Any CPU.Deploy.0 = Release|Any CPU
		{0A13CAA7-DEEA-4664-BF84-4B1FF26C127C}.Release|ARM.ActiveCfg = Release|ARM
		{0A13CAA7-DEEA-4664-BF84-4B1FF26C127C}.Release|ARM.Build.0 = Release|ARM
		{0A13CAA7-DEEA-4664-BF84-4B1FF26C127C}.Release|ARM.Deploy.0 = Release|ARM
		{0A13CAA7-DEEA-4664-BF84-4B1FF26C127C}.Release|x64.ActiveCfg = Release|x64
		{0A13CAA7-DEEA-4664-BF84-4B1FF26C127C}.Release|x64.Build.0 = Release|x64
		{0A13CAA7-DEEA-4664-BF84-4B1FF26C127C}.Release|x64.Deploy.0 = Release|x64
		{0A13CAA7-DEEA-4664-BF84-4B1FF26C127C}.Release|x86.ActiveCfg = Release|x86
		{0A13CAA7-DEEA-4664-BF84-4B1FF26C127C}.Release|x86.Build.0 = Release|x86
		{0A13CAA7-DEEA-4664-BF84-4B1FF26C127C}.Release|x86.Deploy.0 = Release|x86
		{C37FBEEF-95DD-4500-B0A5-C049BC5D8060}.Debug|Any CPU.ActiveCfg = Debug|Any CPU
		{C37FBEEF-95DD-4500-B0A5-C049BC5D8060}.Debug|Any CPU.Build.0 = Debug|Any CPU
		{C37FBEEF-95DD-4500-B0A5-C049BC5D8060}.Debug|Any CPU.Deploy.0 = Debug|Any CPU
		{C37FBEEF-95DD-4500-B0A5-C049BC5D8060}.Debug|ARM.ActiveCfg = Debug|ARM
		{C37FBEEF-95DD-4500-B0A5-C049BC5D8060}.Debug|ARM.Build.0 = Debug|ARM
		{C37FBEEF-95DD-4500-B0A5-C049BC5D8060}.Debug|ARM.Deploy.0 = Debug|ARM
		{C37FBEEF-95DD-4500-B0A5-C049BC5D8060}.Debug|x64.ActiveCfg = Debug|x64
		{C37FBEEF-95DD-4500-B0A5-C049BC5D8060}.Debug|x64.Build.0 = Debug|x64
		{C37FBEEF-95DD-4500-B0A5-C049BC5D8060}.Debug|x64.Deploy.0 = Debug|x64
		{C37FBEEF-95DD-4500-B0A5-C049BC5D8060}.Debug|x86.ActiveCfg = Debug|x86
		{C37FBEEF-95DD-4500-B0A5-C049BC5D8060}.Debug|x86.Build.0 = Debug|x86
		{C37FBEEF-95DD-4500-B0A5-C049BC5D8060}.Debug|x86.Deploy.0 = Debug|x86
		{C37FBEEF-95DD-4500-B0A5-C049BC5D8060}.Release|Any CPU.ActiveCfg = Release|Any CPU
		{C37FBEEF-95DD-4500-B0A5-C049BC5D8060}.Release|Any CPU.Build.0 = Release|Any CPU
		{C37FBEEF-95DD-4500-B0A5-C049BC5D8060}.Release|Any CPU.Deploy.0 = Release|Any CPU
		{C37FBEEF-95DD-4500-B0A5-C049BC5D8060}.Release|ARM.ActiveCfg = Release|ARM
		{C37FBEEF-95DD-4500-B0A5-C049BC5D8060}.Release|ARM.Build.0 = Release|ARM
		{C37FBEEF-95DD-4500-B0A5-C049BC5D8060}.Release|ARM.Deploy.0 = Release|ARM
		{C37FBEEF-95DD-4500-B0A5-C049BC5D8060}.Release|x64.ActiveCfg = Release|x64
		{C37FBEEF-95DD-4500-B0A5-C049BC5D8060}.Release|x64.Build.0 = Release|x64
		{C37FBEEF-95DD-4500-B0A5-C049BC5D8060}.Release|x64.Deploy.0 = Release|x64
		{C37FBEEF-95DD-4500-B0A5-C049BC5D8060}.Release|x86.ActiveCfg = Release|x86
		{C37FBEEF-95DD-4500-B0A5-C049BC5D8060}.Release|x86.Build.0 = Release|x86
		{C37FBEEF-95DD-4500-B0A5-C049BC5D8060}.Release|x86.Deploy.0 = Release|x86
		{B377B7DD-1F14-4480-8BEE-CAA40D46B9D0}.Debug|Any CPU.ActiveCfg = Debug|Any CPU
		{B377B7DD-1F14-4480-8BEE-CAA40D46B9D0}.Debug|Any CPU.Build.0 = Debug|Any CPU
		{B377B7DD-1F14-4480-8BEE-CAA40D46B9D0}.Debug|Any CPU.Deploy.0 = Debug|Any CPU
		{B377B7DD-1F14-4480-8BEE-CAA40D46B9D0}.Debug|ARM.ActiveCfg = Debug|ARM
		{B377B7DD-1F14-4480-8BEE-CAA40D46B9D0}.Debug|ARM.Build.0 = Debug|ARM
		{B377B7DD-1F14-4480-8BEE-CAA40D46B9D0}.Debug|ARM.Deploy.0 = Debug|ARM
		{B377B7DD-1F14-4480-8BEE-CAA40D46B9D0}.Debug|x64.ActiveCfg = Debug|x64
		{B377B7DD-1F14-4480-8BEE-CAA40D46B9D0}.Debug|x64.Build.0 = Debug|x64
		{B377B7DD-1F14-4480-8BEE-CAA40D46B9D0}.Debug|x64.Deploy.0 = Debug|x64
		{B377B7DD-1F14-4480-8BEE-CAA40D46B9D0}.Debug|x86.ActiveCfg = Debug|x86
		{B377B7DD-1F14-4480-8BEE-CAA40D46B9D0}.Debug|x86.Build.0 = Debug|x86
		{B377B7DD-1F14-4480-8BEE-CAA40D46B9D0}.Debug|x86.Deploy.0 = Debug|x86
		{B377B7DD-1F14-4480-8BEE-CAA40D46B9D0}.Release|Any CPU.ActiveCfg = Release|Any CPU
		{B377B7DD-1F14-4480-8BEE-CAA40D46B9D0}.Release|Any CPU.Build.0 = Release|Any CPU
		{B377B7DD-1F14-4480-8BEE-CAA40D46B9D0}.Release|Any CPU.Deploy.0 = Release|Any CPU
		{B377B7DD-1F14-4480-8BEE-CAA40D46B9D0}.Release|ARM.ActiveCfg = Release|ARM
		{B377B7DD-1F14-4480-8BEE-CAA40D46B9D0}.Release|ARM.Build.0 = Release|ARM
		{B377B7DD-1F14-4480-8BEE-CAA40D46B9D0}.Release|ARM.Deploy.0 = Release|ARM
		{B377B7DD-1F14-4480-8BEE-CAA40D46B9D0}.Release|x64.ActiveCfg = Release|x64
		{B377B7DD-1F14-4480-8BEE-CAA40D46B9D0}.Release|x64.Build.0 = Release|x64
		{B377B7DD-1F14-4480-8BEE-CAA40D46B9D0}.Release|x64.Deploy.0 = Release|x64
		{B377B7DD-1F14-4480-8BEE-CAA40D46B9D0}.Release|x86.ActiveCfg = Release|x86
		{B377B7DD-1F14-4480-8BEE-CAA40D46B9D0}.Release|x86.Build.0 = Release|x86
		{B377B7DD-1F14-4480-8BEE-CAA40D46B9D0}.Release|x86.Deploy.0 = Release|x86
	EndGlobalSection
	GlobalSection(SolutionProperties) = preSolution
		HideSolutionNode = FALSE
	EndGlobalSection
EndGlobal
